
Microsoft Visual Studio Solution File, Format Version 12.00
# Visual Studio Version 17
VisualStudioVersion = 17.5.33530.505
MinimumVisualStudioVersion = 10.0.40219.1
Project("{FAE04EC0-301F-11D3-BF4B-00C04F79EFBC}") = "api", "api\api.csproj", "{D85FB41B-B9A6-436C-B3A9-DF32DE68F723}"
EndProject
Global
	GlobalSection(SolutionConfigurationPlatforms) = preSolution
		Debug|Any CPU = Debug|Any CPU
		Release|Any CPU = Release|Any CPU
	EndGlobalSection
	GlobalSection(ProjectConfigurationPlatforms) = postSolution
		{D85FB41B-B9A6-436C-B3A9-DF32DE68F723}.Debug|Any CPU.ActiveCfg = Debug|Any CPU
		{D85FB41B-B9A6-436C-B3A9-DF32DE68F723}.Debug|Any CPU.Build.0 = Debug|Any CPU
		{D85FB41B-B9A6-436C-B3A9-DF32DE68F723}.Release|Any CPU.ActiveCfg = Release|Any CPU
		{D85FB41B-B9A6-436C-B3A9-DF32DE68F723}.Release|Any CPU.Build.0 = Release|Any CPU
	EndGlobalSection
	GlobalSection(SolutionProperties) = preSolution
		HideSolutionNode = FALSE
	EndGlobalSection
	GlobalSection(ExtensibilityGlobals) = postSolution
		SolutionGuid = {81996CC7-DCAF-4230-A4AB-61245A8F7E80}
	EndGlobalSection
EndGlobal
